
Microsoft Visual Studio Solution File, Format Version 12.00
# Visual Studio 15
VisualStudioVersion = 15.0.27428.2043
MinimumVisualStudioVersion = 10.0.40219.1
Project("{FAE04EC0-301F-11D3-BF4B-00C04F79EFBC}") = "MangaLite", "MangaLite\MangaLite.csproj", "{F2598AFC-43BB-47E2-9CF5-01ED183E799D}"
EndProject
Global
	GlobalSection(SolutionConfigurationPlatforms) = preSolution
		Debug|Any CPU = Debug|Any CPU
		Release|Any CPU = Release|Any CPU
	EndGlobalSection
	GlobalSection(ProjectConfigurationPlatforms) = postSolution
		{F2598AFC-43BB-47E2-9CF5-01ED183E799D}.Debug|Any CPU.ActiveCfg = Debug|Any CPU
		{F2598AFC-43BB-47E2-9CF5-01ED183E799D}.Debug|Any CPU.Build.0 = Debug|Any CPU
		{F2598AFC-43BB-47E2-9CF5-01ED183E799D}.Release|Any CPU.ActiveCfg = Release|Any CPU
		{F2598AFC-43BB-47E2-9CF5-01ED183E799D}.Release|Any CPU.Build.0 = Release|Any CPU
	EndGlobalSection
	GlobalSection(SolutionProperties) = preSolution
		HideSolutionNode = FALSE
	EndGlobalSection
	GlobalSection(ExtensibilityGlobals) = postSolution
		SolutionGuid = {B837C34C-8DA2-427B-A0E3-5BB2E65AF1F3}
	EndGlobalSection
EndGlobal
